
Microsoft Visual Studio Solution File, Format Version 12.00
# Visual Studio Version 17
VisualStudioVersion = 17.8.34511.84
MinimumVisualStudioVersion = 10.0.40219.1
Project("{FAE04EC0-301F-11D3-BF4B-00C04F79EFBC}") = "TranslateAPI", "TranslateAPI.csproj", "{5B0EDB53-196B-4FD5-912E-82D289A373A8}"
EndProject
Global
	GlobalSection(SolutionConfigurationPlatforms) = preSolution
		Debug|Any CPU = Debug|Any CPU
		Release|Any CPU = Release|Any CPU
	EndGlobalSection
	GlobalSection(ProjectConfigurationPlatforms) = postSolution
		{5B0EDB53-196B-4FD5-912E-82D289A373A8}.Debug|Any CPU.ActiveCfg = Debug|Any CPU
		{5B0EDB53-196B-4FD5-912E-82D289A373A8}.Debug|Any CPU.Build.0 = Debug|Any CPU
		{5B0EDB53-196B-4FD5-912E-82D289A373A8}.Release|Any CPU.ActiveCfg = Release|Any CPU
		{5B0EDB53-196B-4FD5-912E-82D289A373A8}.Release|Any CPU.Build.0 = Release|Any CPU
	EndGlobalSection
	GlobalSection(SolutionProperties) = preSolution
		HideSolutionNode = FALSE
	EndGlobalSection
	GlobalSection(ExtensibilityGlobals) = postSolution
		SolutionGuid = {61B0FE4E-A3CA-4FDF-B0ED-42C7EBD180E6}
	EndGlobalSection
EndGlobal
